
Microsoft Visual Studio Solution File, Format Version 12.00
# Visual Studio Version 17
VisualStudioVersion = 17.11.35327.3
MinimumVisualStudioVersion = 10.0.40219.1
Project("{FAE04EC0-301F-11D3-BF4B-00C04F79EFBC}") = "LinQ_MAB", "LinQ_MAB\LinQ_MAB.csproj", "{BA53BDF7-44DC-4704-871C-023495F50B2A}"
EndProject
Global
	GlobalSection(SolutionConfigurationPlatforms) = preSolution
		Debug|Any CPU = Debug|Any CPU
		Release|Any CPU = Release|Any CPU
	EndGlobalSection
	GlobalSection(ProjectConfigurationPlatforms) = postSolution
		{BA53BDF7-44DC-4704-871C-023495F50B2A}.Debug|Any CPU.ActiveCfg = Debug|Any CPU
		{BA53BDF7-44DC-4704-871C-023495F50B2A}.Debug|Any CPU.Build.0 = Debug|Any CPU
		{BA53BDF7-44DC-4704-871C-023495F50B2A}.Release|Any CPU.ActiveCfg = Release|Any CPU
		{BA53BDF7-44DC-4704-871C-023495F50B2A}.Release|Any CPU.Build.0 = Release|Any CPU
	EndGlobalSection
	GlobalSection(SolutionProperties) = preSolution
		HideSolutionNode = FALSE
	EndGlobalSection
	GlobalSection(ExtensibilityGlobals) = postSolution
		SolutionGuid = {880FF5FE-826F-4776-A03A-921FD09EB4A1}
	EndGlobalSection
EndGlobal
